
Microsoft Visual Studio Solution File, Format Version 12.00
Project("{FAE04EC0-301F-11D3-BF4B-00C04F79EFBC}") = "HotChocolateDemo.GQL.Api", "src\HotChocolateDemo.GQL.Api\HotChocolateDemo.GQL.Api.csproj", "{52DB1BB8-9CCC-4FFA-A7E0-AD2C48E5A296}"
EndProject
Project("{FAE04EC0-301F-11D3-BF4B-00C04F79EFBC}") = "HotChocolateDemo.Persistence", "src\HotChocolateDemo.Persistence\HotChocolateDemo.Persistence.csproj", "{486B13ED-D7CE-425F-8CBA-6E04AE858652}"
EndProject
Project("{2150E333-8FDC-42A3-9474-1A3956D46DE8}") = "solution", "solution", "{171C4238-C40B-49B0-ACE5-B1118CC97E04}"
	ProjectSection(SolutionItems) = preProject
		Directory.Packages.props = Directory.Packages.props
		Directory.Build.props = Directory.Build.props
	EndProjectSection
EndProject
Global
	GlobalSection(SolutionConfigurationPlatforms) = preSolution
		Debug|Any CPU = Debug|Any CPU
		Release|Any CPU = Release|Any CPU
	EndGlobalSection
	GlobalSection(ProjectConfigurationPlatforms) = postSolution
		{52DB1BB8-9CCC-4FFA-A7E0-AD2C48E5A296}.Debug|Any CPU.ActiveCfg = Debug|Any CPU
		{52DB1BB8-9CCC-4FFA-A7E0-AD2C48E5A296}.Debug|Any CPU.Build.0 = Debug|Any CPU
		{52DB1BB8-9CCC-4FFA-A7E0-AD2C48E5A296}.Release|Any CPU.ActiveCfg = Release|Any CPU
		{52DB1BB8-9CCC-4FFA-A7E0-AD2C48E5A296}.Release|Any CPU.Build.0 = Release|Any CPU
		{486B13ED-D7CE-425F-8CBA-6E04AE858652}.Debug|Any CPU.ActiveCfg = Debug|Any CPU
		{486B13ED-D7CE-425F-8CBA-6E04AE858652}.Debug|Any CPU.Build.0 = Debug|Any CPU
		{486B13ED-D7CE-425F-8CBA-6E04AE858652}.Release|Any CPU.ActiveCfg = Release|Any CPU
		{486B13ED-D7CE-425F-8CBA-6E04AE858652}.Release|Any CPU.Build.0 = Release|Any CPU
	EndGlobalSection
EndGlobal
